
Microsoft Visual Studio Solution File, Format Version 12.00
# Visual Studio Version 16
VisualStudioVersion = 16.0.29102.190
MinimumVisualStudioVersion = 10.0.40219.1
Project("{FAE04EC0-301F-11D3-BF4B-00C04F79EFBC}") = "WebApplication1", "WebApplication1\WebApplication1.csproj", "{5441A6C0-CDA2-4B7A-8AC0-06BAA8579CFD}"
EndProject
Global
	GlobalSection(SolutionConfigurationPlatforms) = preSolution
		Debug|Any CPU = Debug|Any CPU
		Release|Any CPU = Release|Any CPU
	EndGlobalSection
	GlobalSection(ProjectConfigurationPlatforms) = postSolution
		{5441A6C0-CDA2-4B7A-8AC0-06BAA8579CFD}.Debug|Any CPU.ActiveCfg = Debug|Any CPU
		{5441A6C0-CDA2-4B7A-8AC0-06BAA8579CFD}.Debug|Any CPU.Build.0 = Debug|Any CPU
		{5441A6C0-CDA2-4B7A-8AC0-06BAA8579CFD}.Release|Any CPU.ActiveCfg = Release|Any CPU
		{5441A6C0-CDA2-4B7A-8AC0-06BAA8579CFD}.Release|Any CPU.Build.0 = Release|Any CPU
	EndGlobalSection
	GlobalSection(SolutionProperties) = preSolution
		HideSolutionNode = FALSE
	EndGlobalSection
	GlobalSection(ExtensibilityGlobals) = postSolution
		SolutionGuid = {465977C6-DD07-4412-B32D-5C86DCF9F971}
	EndGlobalSection
EndGlobal
